lockfileVersion: 5.4

importers:

  .:
    specifiers:
      rimraf: ^4.1.2
    devDependencies:
      rimraf: 4.1.2

  packages/components:
    specifiers:
      '@types/lodash': ^4.14.191
      lodash: ^4.17.21
    dependencies:
      '@types/lodash': 4.14.191
      lodash: 4.17.21

  packages/models:
    specifiers:
      '@types/lodash': ^4.14.191
      lodash: ^4.17.21
    dependencies:
      '@types/lodash': 4.14.191
      lodash: 4.17.21

  packages/web:
    specifiers:
      '@pn/components': workspace:^1.0.0
      '@pn/models': workspace:^1.0.0
      '@types/lodash': ^4.14.191
      lodash: ^4.17.21
    dependencies:
      '@pn/components': link:../components
      '@pn/models': link:../models
      '@types/lodash': 4.14.191
      lodash: 4.17.21

packages:

  /@types/lodash/4.14.191:
    resolution: {integrity: sha512-BdZ5BCCvho3EIXw6wUCXHe7rS53AIDPLE+JzwgT+OsJk53oBfbSmZZ7CX4VaRoN78N+TJpFi9QPlfIVNmJYWxQ==}
    dev: false

  /lodash/4.17.21:
    resolution: {integrity: sha512-v2kDEe57lecTulaDIuNTPy3Ry4gLGJ6Z1O3vE1krgXZNrsQ+LFTGHVxVjcXPs17LhbZVGedAJv8XZ1tvj5FvSg==}
    dev: false

  /rimraf/4.1.2:
    resolution: {integrity: sha512-BlIbgFryTbw3Dz6hyoWFhKk+unCcHMSkZGrTFVAx2WmttdBSonsdtRlwiuTbDqTKr+UlXIUqJVS4QT5tUzGENQ==}
    engines: {node: '>=14'}
    hasBin: true
    dev: true
